
Microsoft Visual Studio Solution File, Format Version 12.00
# Visual Studio Version 16
VisualStudioVersion = 25.0.1703.2
MinimumVisualStudioVersion = 10.0.40219.1
Project("{FAE04EC0-301F-11D3-BF4B-00C04F79EFBC}") = "APiExercise", "APiExercise\APiExercise.csproj", "{0C4DBBB2-E8C6-422E-B875-812F9E6B19F6}"
EndProject
Global
	GlobalSection(SolutionConfigurationPlatforms) = preSolution
		Debug|Any CPU = Debug|Any CPU
		Release|Any CPU = Release|Any CPU
	EndGlobalSection
	GlobalSection(ProjectConfigurationPlatforms) = postSolution
		{0C4DBBB2-E8C6-422E-B875-812F9E6B19F6}.Debug|Any CPU.ActiveCfg = Debug|Any CPU
		{0C4DBBB2-E8C6-422E-B875-812F9E6B19F6}.Debug|Any CPU.Build.0 = Debug|Any CPU
		{0C4DBBB2-E8C6-422E-B875-812F9E6B19F6}.Release|Any CPU.ActiveCfg = Release|Any CPU
		{0C4DBBB2-E8C6-422E-B875-812F9E6B19F6}.Release|Any CPU.Build.0 = Release|Any CPU
	EndGlobalSection
	GlobalSection(SolutionProperties) = preSolution
		HideSolutionNode = FALSE
	EndGlobalSection
	GlobalSection(ExtensibilityGlobals) = postSolution
		SolutionGuid = {9C80D760-6367-4711-9E9D-6C5CA901FF2A}
	EndGlobalSection
EndGlobal
